
Microsoft Visual Studio Solution File, Format Version 12.00
# Visual Studio 15
VisualStudioVersion = 15.0.27428.2015
MinimumVisualStudioVersion = 10.0.40219.1
Project("{FAE04EC0-301F-11D3-BF4B-00C04F79EFBC}") = "CoolBooks", "CoolBooks\CoolBooks.csproj", "{A0863893-BCC0-4FAB-9684-484F7B76D55C}"
EndProject
Global
	GlobalSection(SolutionConfigurationPlatforms) = preSolution
		Debug|Any CPU = Debug|Any CPU
		Release|Any CPU = Release|Any CPU
	EndGlobalSection
	GlobalSection(ProjectConfigurationPlatforms) = postSolution
		{A0863893-BCC0-4FAB-9684-484F7B76D55C}.Debug|Any CPU.ActiveCfg = Debug|Any CPU
		{A0863893-BCC0-4FAB-9684-484F7B76D55C}.Debug|Any CPU.Build.0 = Debug|Any CPU
		{A0863893-BCC0-4FAB-9684-484F7B76D55C}.Release|Any CPU.ActiveCfg = Release|Any CPU
		{A0863893-BCC0-4FAB-9684-484F7B76D55C}.Release|Any CPU.Build.0 = Release|Any CPU
	EndGlobalSection
	GlobalSection(SolutionProperties) = preSolution
		HideSolutionNode = FALSE
	EndGlobalSection
	GlobalSection(ExtensibilityGlobals) = postSolution
		SolutionGuid = {C4D14B4B-8C36-4AD7-9255-54332DB2D448}
	EndGlobalSection
EndGlobal
